
Microsoft Visual Studio Solution File, Format Version 12.00
# Visual Studio Version 17
VisualStudioVersion = 17.0.31903.59
MinimumVisualStudioVersion = 10.0.40219.1
Project("{9A19103F-16F7-4668-BE54-9A1E7A4F7556}") = "EsApi4DScheduleSampleApp", "ScheduleAPIConsumer\EsApi4DScheduleSampleApp.csproj", "{07E98A30-EE4A-44F5-B149-3F3108044655}"
EndProject
Global
	GlobalSection(SolutionConfigurationPlatforms) = preSolution
		Debug|Any CPU = Debug|Any CPU
		Release|Any CPU = Release|Any CPU
	EndGlobalSection
	GlobalSection(ProjectConfigurationPlatforms) = postSolution
		{07E98A30-EE4A-44F5-B149-3F3108044655}.Debug|Any CPU.ActiveCfg = Debug|Any CPU
		{07E98A30-EE4A-44F5-B149-3F3108044655}.Debug|Any CPU.Build.0 = Debug|Any CPU
		{07E98A30-EE4A-44F5-B149-3F3108044655}.Release|Any CPU.ActiveCfg = Release|Any CPU
		{07E98A30-EE4A-44F5-B149-3F3108044655}.Release|Any CPU.Build.0 = Release|Any CPU
	EndGlobalSection
	GlobalSection(SolutionProperties) = preSolution
		HideSolutionNode = FALSE
	EndGlobalSection
	GlobalSection(ExtensibilityGlobals) = postSolution
		SolutionGuid = {34F10676-D45A-497D-B93F-B835B387AA34}
	EndGlobalSection
EndGlobal
